// !$*UTF8*$!
{
	archiveVersion = 1;
	classes = {
	};
	objectVersion = 51;
	objects = {

/* Begin PBXBuildFile section */
		65FF12E8D42D07C25C70F33D /* Pods_EveryDay.framework in Frameworks */ = {isa = PBXBuildFile; fileRef = 13D400306E233215EFBDD710 /* Pods_EveryDay.framework */; };
		B222CCC5269C49FC00133772 /* ARCLearnViewController.m in Sources */ = {isa = PBXBuildFile; fileRef = B222CCC4269C49FC00133772 /* ARCLearnViewController.m */; settings = {COMPILER_FLAGS = "-fno-objc-arc"; }; };
		B222CD16269D32C000133772 /* NSObject+NSObject_Extension.m in Sources */ = {isa = PBXBuildFile; fileRef = B222CD15269D32C000133772 /* NSObject+NSObject_Extension.m */; settings = {COMPILER_FLAGS = "-fno-objc-arc"; }; };
		B25BC48C253E9B6B005A30CC /* AppDelegate.swift in Sources */ = {isa = PBXBuildFile; fileRef = B25BC48B253E9B6B005A30CC /* AppDelegate.swift */; };
		B25BC490253E9B6B005A30CC /* ViewController.swift in Sources */ = {isa = PBXBuildFile; fileRef = B25BC48F253E9B6B005A30CC /* ViewController.swift */; };
		B25BC493253E9B6B005A30CC /* Main.storyboard in Resources */ = {isa = PBXBuildFile; fileRef = B25BC491253E9B6B005A30CC /* Main.storyboard */; };
		B25BC495253E9B6E005A30CC /* Assets.xcassets in Resources */ = {isa = PBXBuildFile; fileRef = B25BC494253E9B6E005A30CC /* Assets.xcassets */; };
		B25BC498253E9B6E005A30CC /* LaunchScreen.storyboard in Resources */ = {isa = PBXBuildFile; fileRef = B25BC496253E9B6E005A30CC /* LaunchScreen.storyboard */; };
		B291EC702670B32900D36102 /* String+Directory.swift in Sources */ = {isa = PBXBuildFile; fileRef = B291EC6F2670B32900D36102 /* String+Directory.swift */; };
		B291EC7B2670BE4A00D36102 /* PLCacheConstant.swift in Sources */ = {isa = PBXBuildFile; fileRef = B291EC7A2670BE4900D36102 /* PLCacheConstant.swift */; };
		B29643B926441512008B5299 /* PLMemoryCache.swift in Sources */ = {isa = PBXBuildFile; fileRef = B29643B526441512008B5299 /* PLMemoryCache.swift */; };
		B29643BA26441512008B5299 /* PLDiskCache.swift in Sources */ = {isa = PBXBuildFile; fileRef = B29643B626441512008B5299 /* PLDiskCache.swift */; };
		B29643BB26441512008B5299 /* PLCache.swift in Sources */ = {isa = PBXBuildFile; fileRef = B29643B726441512008B5299 /* PLCache.swift */; };
		B29643BC26441512008B5299 /* PLDBCache.swift in Sources */ = {isa = PBXBuildFile; fileRef = B29643B826441512008B5299 /* PLDBCache.swift */; };
		B2B3AF0F254675B5001633EE /* ArrayExtension.swift in Sources */ = {isa = PBXBuildFile; fileRef = B2B3AED0254675B5001633EE /* ArrayExtension.swift */; };
		B2B3AF10254675B5001633EE /* ControlExtension.swift in Sources */ = {isa = PBXBuildFile; fileRef = B2B3AED1254675B5001633EE /* ControlExtension.swift */; };
		B2B3AF11254675B5001633EE /* UIApplication+OpenUrl.swift in Sources */ = {isa = PBXBuildFile; fileRef = B2B3AED2254675B5001633EE /* UIApplication+OpenUrl.swift */; };
		B2B3AF12254675B5001633EE /* NSBundle+Language.swift in Sources */ = {isa = PBXBuildFile; fileRef = B2B3AED3254675B5001633EE /* NSBundle+Language.swift */; };
		B2B3AF15254675B5001633EE /* UIViewControllerExtensions.swift in Sources */ = {isa = PBXBuildFile; fileRef = B2B3AED6254675B5001633EE /* UIViewControllerExtensions.swift */; };
		B2B3AF16254675B5001633EE /* String+Pinyin.swift in Sources */ = {isa = PBXBuildFile; fileRef = B2B3AED7254675B5001633EE /* String+Pinyin.swift */; };
		B2B3AF17254675B5001633EE /* CellReuseIdentifierExtension.swift in Sources */ = {isa = PBXBuildFile; fileRef = B2B3AED8254675B5001633EE /* CellReuseIdentifierExtension.swift */; };
		B2B3AF18254675B5001633EE /* CalculationExtensions.swift in Sources */ = {isa = PBXBuildFile; fileRef = B2B3AED9254675B5001633EE /* CalculationExtensions.swift */; };
		B2B3AF1B254675B5001633EE /* ScreenExtensions.swift in Sources */ = {isa = PBXBuildFile; fileRef = B2B3AEDC254675B5001633EE /* ScreenExtensions.swift */; };
		B2B3AF20254675B5001633EE /* BLEManagerDelegate.swift in Sources */ = {isa = PBXBuildFile; fileRef = B2B3AEE4254675B5001633EE /* BLEManagerDelegate.swift */; };
		B2B3AF21254675B5001633EE /* BLEAlert.swift in Sources */ = {isa = PBXBuildFile; fileRef = B2B3AEE5254675B5001633EE /* BLEAlert.swift */; };
		B2B3AF22254675B5001633EE /* BLEManager.swift in Sources */ = {isa = PBXBuildFile; fileRef = B2B3AEE6254675B5001633EE /* BLEManager.swift */; };
		B2B3AF23254675B5001633EE /* CBPeripheralExtensions.swift in Sources */ = {isa = PBXBuildFile; fileRef = B2B3AEE7254675B5001633EE /* CBPeripheralExtensions.swift */; };
		B2B3AF24254675B5001633EE /* BLEDefines.swift in Sources */ = {isa = PBXBuildFile; fileRef = B2B3AEE8254675B5001633EE /* BLEDefines.swift */; };
		B2B3AF25254675B5001633EE /* UIViewExtensions+Print.swift in Sources */ = {isa = PBXBuildFile; fileRef = B2B3AEEA254675B5001633EE /* UIViewExtensions+Print.swift */; };
		B2B3AF26254675B5001633EE /* UIImage+Help.m in Sources */ = {isa = PBXBuildFile; fileRef = B2B3AEEB254675B5001633EE /* UIImage+Help.m */; };
		B2B3AF27254675B5001633EE /* UIImageExtexsions+Print.swift in Sources */ = {isa = PBXBuildFile; fileRef = B2B3AEED254675B5001633EE /* UIImageExtexsions+Print.swift */; };
		B2B3AF28254675B5001633EE /* PrintBoxCodeModel.swift in Sources */ = {isa = PBXBuildFile; fileRef = B2B3AEEE254675B5001633EE /* PrintBoxCodeModel.swift */; };
		B2B3AF29254675B5001633EE /* PrintManager.swift in Sources */ = {isa = PBXBuildFile; fileRef = B2B3AEEF254675B5001633EE /* PrintManager.swift */; };
		B2B6DA7A267218720010245F /* PLCacheLock.swift in Sources */ = {isa = PBXBuildFile; fileRef = B2B6DA79267218720010245F /* PLCacheLock.swift */; };
		B2B6DA97267230BB0010245F /* Data+Hash.swift in Sources */ = {isa = PBXBuildFile; fileRef = B2B6DA96267230BB0010245F /* Data+Hash.swift */; };
		B2B6DA9A267231500010245F /* String+Extensions.swift in Sources */ = {isa = PBXBuildFile; fileRef = B2B6DA99267231500010245F /* String+Extensions.swift */; };
		B2B6DA9D267232700010245F /* CharacterSet+Extensions.swift in Sources */ = {isa = PBXBuildFile; fileRef = B2B6DA9C267232700010245F /* CharacterSet+Extensions.swift */; };
		B2B6DAA02672329C0010245F /* Dictionary+Extensions.swift in Sources */ = {isa = PBXBuildFile; fileRef = B2B6DA9F2672329C0010245F /* Dictionary+Extensions.swift */; };
		B2B6DAA4267234F10010245F /* WeakProxy.swift in Sources */ = {isa = PBXBuildFile; fileRef = B2B6DAA3267234F10010245F /* WeakProxy.swift */; };
		B2B6DAA7267242930010245F /* Timer+Extension.swift in Sources */ = {isa = PBXBuildFile; fileRef = B2B6DAA6267242930010245F /* Timer+Extension.swift */; };
/* End PBXBuildFile section */

/* Begin PBXFileReference section */
		13D400306E233215EFBDD710 /* Pods_EveryDay.framework */ = {isa = PBXFileReference; explicitFileType = wrapper.framework; includeInIndex = 0; path = Pods_EveryDay.framework; sourceTree = BUILT_PRODUCTS_DIR; };
		5848DB583275FAC9759E7A78 /* Pods-EveryDay.release.xcconfig */ = {isa = PBXFileReference; includeInIndex = 1; lastKnownFileType = text.xcconfig; name = "Pods-EveryDay.release.xcconfig"; path = "Target Support Files/Pods-EveryDay/Pods-EveryDay.release.xcconfig"; sourceTree = "<group>"; };
		910EDEC72D355C38989B2E92 /* Pods-EveryDay.debug.xcconfig */ = {isa = PBXFileReference; includeInIndex = 1; lastKnownFileType = text.xcconfig; name = "Pods-EveryDay.debug.xcconfig"; path = "Target Support Files/Pods-EveryDay/Pods-EveryDay.debug.xcconfig"; sourceTree = "<group>"; };
		B222CCC3269C49FC00133772 /* ARCLearnViewController.h */ = {isa = PBXFileReference; lastKnownFileType = sourcecode.c.h; path = ARCLearnViewController.h; sourceTree = "<group>"; };
		B222CCC4269C49FC00133772 /* ARCLearnViewController.m */ = {isa = PBXFileReference; lastKnownFileType = sourcecode.c.objc; path = ARCLearnViewController.m; sourceTree = "<group>"; };
		B222CCEB269C5B2000133772 /* Bridging-Header.h */ = {isa = PBXFileReference; fileEncoding = 4; lastKnownFileType = sourcecode.c.h; path = "Bridging-Header.h"; sourceTree = "<group>"; };
		B222CD14269D32C000133772 /* NSObject+NSObject_Extension.h */ = {isa = PBXFileReference; lastKnownFileType = sourcecode.c.h; path = "NSObject+NSObject_Extension.h"; sourceTree = "<group>"; };
		B222CD15269D32C000133772 /* NSObject+NSObject_Extension.m */ = {isa = PBXFileReference; lastKnownFileType = sourcecode.c.objc; path = "NSObject+NSObject_Extension.m"; sourceTree = "<group>"; };
		B25BC488253E9B6B005A30CC /* EveryDay.app */ = {isa = PBXFileReference; explicitFileType = wrapper.application; includeInIndex = 0; path = EveryDay.app; sourceTree = BUILT_PRODUCTS_DIR; };
		B25BC48B253E9B6B005A30CC /* AppDelegate.swift */ = {isa = PBXFileReference; lastKnownFileType = sourcecode.swift; path = AppDelegate.swift; sourceTree = "<group>"; };
		B25BC48F253E9B6B005A30CC /* ViewController.swift */ = {isa = PBXFileReference; lastKnownFileType = sourcecode.swift; path = ViewController.swift; sourceTree = "<group>"; };
		B25BC492253E9B6B005A30CC /* Base */ = {isa = PBXFileReference; lastKnownFileType = file.storyboard; name = Base; path = Base.lproj/Main.storyboard; sourceTree = "<group>"; };
		B25BC494253E9B6E005A30CC /* Assets.xcassets */ = {isa = PBXFileReference; lastKnownFileType = folder.assetcatalog; path = Assets.xcassets; sourceTree = "<group>"; };
		B25BC497253E9B6E005A30CC /* Base */ = {isa = PBXFileReference; lastKnownFileType = file.storyboard; name = Base; path = Base.lproj/LaunchScreen.storyboard; sourceTree = "<group>"; };
		B25BC499253E9B6E005A30CC /* Info.plist */ = {isa = PBXFileReference; lastKnownFileType = text.plist.xml; path = Info.plist; sourceTree = "<group>"; };
		B291EC6F2670B32900D36102 /* String+Directory.swift */ = {isa = PBXFileReference; lastKnownFileType = sourcecode.swift; path = "String+Directory.swift"; sourceTree = "<group>"; };
		B291EC7A2670BE4900D36102 /* PLCacheConstant.swift */ = {isa = PBXFileReference; lastKnownFileType = sourcecode.swift; path = PLCacheConstant.swift; sourceTree = "<group>"; };
		B29643B526441512008B5299 /* PLMemoryCache.swift */ = {isa = PBXFileReference; fileEncoding = 4; lastKnownFileType = sourcecode.swift; path = PLMemoryCache.swift; sourceTree = "<group>"; };
		B29643B626441512008B5299 /* PLDiskCache.swift */ = {isa = PBXFileReference; fileEncoding = 4; lastKnownFileType = sourcecode.swift; path = PLDiskCache.swift; sourceTree = "<group>"; };
		B29643B726441512008B5299 /* PLCache.swift */ = {isa = PBXFileReference; fileEncoding = 4; lastKnownFileType = sourcecode.swift; path = PLCache.swift; sourceTree = "<group>"; };
		B29643B826441512008B5299 /* PLDBCache.swift */ = {isa = PBXFileReference; fileEncoding = 4; lastKnownFileType = sourcecode.swift; path = PLDBCache.swift; sourceTree = "<group>"; };
		B2B3AED0254675B5001633EE /* ArrayExtension.swift */ = {isa = PBXFileReference; fileEncoding = 4; lastKnownFileType = sourcecode.swift; path = ArrayExtension.swift; sourceTree = "<group>"; };
		B2B3AED1254675B5001633EE /* ControlExtension.swift */ = {isa = PBXFileReference; fileEncoding = 4; lastKnownFileType = sourcecode.swift; path = ControlExtension.swift; sourceTree = "<group>"; };
		B2B3AED2254675B5001633EE /* UIApplication+OpenUrl.swift */ = {isa = PBXFileReference; fileEncoding = 4; lastKnownFileType = sourcecode.swift; path = "UIApplication+OpenUrl.swift"; sourceTree = "<group>"; };
		B2B3AED3254675B5001633EE /* NSBundle+Language.swift */ = {isa = PBXFileReference; fileEncoding = 4; lastKnownFileType = sourcecode.swift; path = "NSBundle+Language.swift"; sourceTree = "<group>"; };
		B2B3AED6254675B5001633EE /* UIViewControllerExtensions.swift */ = {isa = PBXFileReference; fileEncoding = 4; lastKnownFileType = sourcecode.swift; path = UIViewControllerExtensions.swift; sourceTree = "<group>"; };
		B2B3AED7254675B5001633EE /* String+Pinyin.swift */ = {isa = PBXFileReference; fileEncoding = 4; lastKnownFileType = sourcecode.swift; path = "String+Pinyin.swift"; sourceTree = "<group>"; };
		B2B3AED8254675B5001633EE /* CellReuseIdentifierExtension.swift */ = {isa = PBXFileReference; fileEncoding = 4; lastKnownFileType = sourcecode.swift; path = CellReuseIdentifierExtension.swift; sourceTree = "<group>"; };
		B2B3AED9254675B5001633EE /* CalculationExtensions.swift */ = {isa = PBXFileReference; fileEncoding = 4; lastKnownFileType = sourcecode.swift; path = CalculationExtensions.swift; sourceTree = "<group>"; };
		B2B3AEDC254675B5001633EE /* ScreenExtensions.swift */ = {isa = PBXFileReference; fileEncoding = 4; lastKnownFileType = sourcecode.swift; path = ScreenExtensions.swift; sourceTree = "<group>"; };
		B2B3AEE4254675B5001633EE /* BLEManagerDelegate.swift */ = {isa = PBXFileReference; fileEncoding = 4; lastKnownFileType = sourcecode.swift; path = BLEManagerDelegate.swift; sourceTree = "<group>"; };
		B2B3AEE5254675B5001633EE /* BLEAlert.swift */ = {isa = PBXFileReference; fileEncoding = 4; lastKnownFileType = sourcecode.swift; path = BLEAlert.swift; sourceTree = "<group>"; };
		B2B3AEE6254675B5001633EE /* BLEManager.swift */ = {isa = PBXFileReference; fileEncoding = 4; lastKnownFileType = sourcecode.swift; path = BLEManager.swift; sourceTree = "<group>"; };
		B2B3AEE7254675B5001633EE /* CBPeripheralExtensions.swift */ = {isa = PBXFileReference; fileEncoding = 4; lastKnownFileType = sourcecode.swift; path = CBPeripheralExtensions.swift; sourceTree = "<group>"; };
		B2B3AEE8254675B5001633EE /* BLEDefines.swift */ = {isa = PBXFileReference; fileEncoding = 4; lastKnownFileType = sourcecode.swift; path = BLEDefines.swift; sourceTree = "<group>"; };
		B2B3AEEA254675B5001633EE /* UIViewExtensions+Print.swift */ = {isa = PBXFileReference; fileEncoding = 4; lastKnownFileType = sourcecode.swift; path = "UIViewExtensions+Print.swift"; sourceTree = "<group>"; };
		B2B3AEEB254675B5001633EE /* UIImage+Help.m */ = {isa = PBXFileReference; fileEncoding = 4; lastKnownFileType = sourcecode.c.objc; path = "UIImage+Help.m"; sourceTree = "<group>"; };
		B2B3AEEC254675B5001633EE /* UIImage+Help.h */ = {isa = PBXFileReference; fileEncoding = 4; lastKnownFileType = sourcecode.c.h; path = "UIImage+Help.h"; sourceTree = "<group>"; };
		B2B3AEED254675B5001633EE /* UIImageExtexsions+Print.swift */ = {isa = PBXFileReference; fileEncoding = 4; lastKnownFileType = sourcecode.swift; path = "UIImageExtexsions+Print.swift"; sourceTree = "<group>"; };
		B2B3AEEE254675B5001633EE /* PrintBoxCodeModel.swift */ = {isa = PBXFileReference; fileEncoding = 4; lastKnownFileType = sourcecode.swift; path = PrintBoxCodeModel.swift; sourceTree = "<group>"; };
		B2B3AEEF254675B5001633EE /* PrintManager.swift */ = {isa = PBXFileReference; fileEncoding = 4; lastKnownFileType = sourcecode.swift; path = PrintManager.swift; sourceTree = "<group>"; };
		B2B6DA79267218720010245F /* PLCacheLock.swift */ = {isa = PBXFileReference; lastKnownFileType = sourcecode.swift; path = PLCacheLock.swift; sourceTree = "<group>"; };
		B2B6DA96267230BB0010245F /* Data+Hash.swift */ = {isa = PBXFileReference; lastKnownFileType = sourcecode.swift; path = "Data+Hash.swift"; sourceTree = "<group>"; };
		B2B6DA99267231500010245F /* String+Extensions.swift */ = {isa = PBXFileReference; lastKnownFileType = sourcecode.swift; path = "String+Extensions.swift"; sourceTree = "<group>"; };
		B2B6DA9C267232700010245F /* CharacterSet+Extensions.swift */ = {isa = PBXFileReference; lastKnownFileType = sourcecode.swift; path = "CharacterSet+Extensions.swift"; sourceTree = "<group>"; };
		B2B6DA9F2672329C0010245F /* Dictionary+Extensions.swift */ = {isa = PBXFileReference; lastKnownFileType = sourcecode.swift; path = "Dictionary+Extensions.swift"; sourceTree = "<group>"; };
		B2B6DAA3267234F10010245F /* WeakProxy.swift */ = {isa = PBXFileReference; lastKnownFileType = sourcecode.swift; path = WeakProxy.swift; sourceTree = "<group>"; };
		B2B6DAA6267242930010245F /* Timer+Extension.swift */ = {isa = PBXFileReference; lastKnownFileType = sourcecode.swift; path = "Timer+Extension.swift"; sourceTree = "<group>"; };
/* End PBXFileReference section */

/* Begin PBXFrameworksBuildPhase section */
		B25BC485253E9B6B005A30CC /* Frameworks */ = {
			isa = PBXFrameworksBuildPhase;
			buildActionMask = 2147483647;
			files = (
				65FF12E8D42D07C25C70F33D /* Pods_EveryDay.framework in Frameworks */,
			);
			runOnlyForDeploymentPostprocessing = 0;
		};
/* End PBXFrameworksBuildPhase section */

/* Begin PBXGroup section */
		3E5C535E6F4A3926A6DA1FD9 /* Frameworks */ = {
			isa = PBXGroup;
			children = (
				13D400306E233215EFBDD710 /* Pods_EveryDay.framework */,
			);
			name = Frameworks;
			sourceTree = "<group>";
		};
		B222CCC1269C49D900133772 /* Test */ = {
			isa = PBXGroup;
			children = (
				B222CCC3269C49FC00133772 /* ARCLearnViewController.h */,
				B222CCC4269C49FC00133772 /* ARCLearnViewController.m */,
				B222CD14269D32C000133772 /* NSObject+NSObject_Extension.h */,
				B222CD15269D32C000133772 /* NSObject+NSObject_Extension.m */,
			);
			path = Test;
			sourceTree = "<group>";
		};
		B222CCEA269C5B2000133772 /* BridgingHeader */ = {
			isa = PBXGroup;
			children = (
				B222CCEB269C5B2000133772 /* Bridging-Header.h */,
			);
			path = BridgingHeader;
			sourceTree = "<group>";
		};
		B25BC47F253E9B6B005A30CC = {
			isa = PBXGroup;
			children = (
				B25BC48A253E9B6B005A30CC /* EveryDay */,
				B222CCEA269C5B2000133772 /* BridgingHeader */,
				B25BC489253E9B6B005A30CC /* Products */,
				E2D998AE5895678897F001B9 /* Pods */,
				3E5C535E6F4A3926A6DA1FD9 /* Frameworks */,
			);
			sourceTree = "<group>";
		};
		B25BC489253E9B6B005A30CC /* Products */ = {
			isa = PBXGroup;
			children = (
				B25BC488253E9B6B005A30CC /* EveryDay.app */,
			);
			name = Products;
			sourceTree = "<group>";
		};
		B25BC48A253E9B6B005A30CC /* EveryDay */ = {
			isa = PBXGroup;
			children = (
				B222CCC1269C49D900133772 /* Test */,
				B29643B326441512008B5299 /* Add */,
				B2B9BFEA2589E20000B658BE /* Delegate */,
				B2B200392589E6F1000253C9 /* Resources */,
				B2B3AEC92546758C001633EE /* Library */,
			);
			path = EveryDay;
			sourceTree = "<group>";
		};
		B29643B326441512008B5299 /* Add */ = {
			isa = PBXGroup;
			children = (
				B29643B426441512008B5299 /* YYCache */,
			);
			path = Add;
			sourceTree = "<group>";
		};
		B29643B426441512008B5299 /* YYCache */ = {
			isa = PBXGroup;
			children = (
				B29643B726441512008B5299 /* PLCache.swift */,
				B29643B526441512008B5299 /* PLMemoryCache.swift */,
				B29643B626441512008B5299 /* PLDiskCache.swift */,
				B29643B826441512008B5299 /* PLDBCache.swift */,
				B291EC6F2670B32900D36102 /* String+Directory.swift */,
				B291EC7A2670BE4900D36102 /* PLCacheConstant.swift */,
				B2B6DA79267218720010245F /* PLCacheLock.swift */,
			);
			path = YYCache;
			sourceTree = "<group>";
		};
		B2B200392589E6F1000253C9 /* Resources */ = {
			isa = PBXGroup;
			children = (
				B25BC496253E9B6E005A30CC /* LaunchScreen.storyboard */,
				B25BC491253E9B6B005A30CC /* Main.storyboard */,
				B25BC494253E9B6E005A30CC /* Assets.xcassets */,
				B25BC499253E9B6E005A30CC /* Info.plist */,
			);
			path = Resources;
			sourceTree = "<group>";
		};
		B2B3AEC92546758C001633EE /* Library */ = {
			isa = PBXGroup;
			children = (
				B2B6DAA22672342D0010245F /* WeakProxy */,
				B2B3AECC254675B4001633EE /* Extensions */,
				B2B3AEE2254675B5001633EE /* Print */,
			);
			path = Library;
			sourceTree = "<group>";
		};
		B2B3AECC254675B4001633EE /* Extensions */ = {
			isa = PBXGroup;
			children = (
				B2B3AED0254675B5001633EE /* ArrayExtension.swift */,
				B2B3AED1254675B5001633EE /* ControlExtension.swift */,
				B2B3AED2254675B5001633EE /* UIApplication+OpenUrl.swift */,
				B2B3AED3254675B5001633EE /* NSBundle+Language.swift */,
				B2B3AED6254675B5001633EE /* UIViewControllerExtensions.swift */,
				B2B3AED7254675B5001633EE /* String+Pinyin.swift */,
				B2B3AED8254675B5001633EE /* CellReuseIdentifierExtension.swift */,
				B2B3AED9254675B5001633EE /* CalculationExtensions.swift */,
				B2B3AEDC254675B5001633EE /* ScreenExtensions.swift */,
				B2B6DA96267230BB0010245F /* Data+Hash.swift */,
				B2B6DA99267231500010245F /* String+Extensions.swift */,
				B2B6DA9C267232700010245F /* CharacterSet+Extensions.swift */,
				B2B6DA9F2672329C0010245F /* Dictionary+Extensions.swift */,
				B2B6DAA6267242930010245F /* Timer+Extension.swift */,
			);
			path = Extensions;
			sourceTree = "<group>";
		};
		B2B3AEE2254675B5001633EE /* Print */ = {
			isa = PBXGroup;
			children = (
				B2B3AEE3254675B5001633EE /* BLEManager */,
				B2B3AEE9254675B5001633EE /* PrintManager */,
			);
			path = Print;
			sourceTree = "<group>";
		};
		B2B3AEE3254675B5001633EE /* BLEManager */ = {
			isa = PBXGroup;
			children = (
				B2B3AEE4254675B5001633EE /* BLEManagerDelegate.swift */,
				B2B3AEE5254675B5001633EE /* BLEAlert.swift */,
				B2B3AEE6254675B5001633EE /* BLEManager.swift */,
				B2B3AEE7254675B5001633EE /* CBPeripheralExtensions.swift */,
				B2B3AEE8254675B5001633EE /* BLEDefines.swift */,
			);
			path = BLEManager;
			sourceTree = "<group>";
		};
		B2B3AEE9254675B5001633EE /* PrintManager */ = {
			isa = PBXGroup;
			children = (
				B2B3AEEA254675B5001633EE /* UIViewExtensions+Print.swift */,
				B2B3AEEB254675B5001633EE /* UIImage+Help.m */,
				B2B3AEEC254675B5001633EE /* UIImage+Help.h */,
				B2B3AEED254675B5001633EE /* UIImageExtexsions+Print.swift */,
				B2B3AEEE254675B5001633EE /* PrintBoxCodeModel.swift */,
				B2B3AEEF254675B5001633EE /* PrintManager.swift */,
			);
			path = PrintManager;
			sourceTree = "<group>";
		};
		B2B6DAA22672342D0010245F /* WeakProxy */ = {
			isa = PBXGroup;
			children = (
				B2B6DAA3267234F10010245F /* WeakProxy.swift */,
			);
			path = WeakProxy;
			sourceTree = "<group>";
		};
		B2B9BFEA2589E20000B658BE /* Delegate */ = {
			isa = PBXGroup;
			children = (
				B25BC48B253E9B6B005A30CC /* AppDelegate.swift */,
				B25BC48F253E9B6B005A30CC /* ViewController.swift */,
			);
			path = Delegate;
			sourceTree = "<group>";
		};
		E2D998AE5895678897F001B9 /* Pods */ = {
			isa = PBXGroup;
			children = (
				910EDEC72D355C38989B2E92 /* Pods-EveryDay.debug.xcconfig */,
				5848DB583275FAC9759E7A78 /* Pods-EveryDay.release.xcconfig */,
			);
			path = Pods;
			sourceTree = "<group>";
		};
/* End PBXGroup section */

/* Begin PBXNativeTarget section */
		B25BC487253E9B6B005A30CC /* EveryDay */ = {
			isa = PBXNativeTarget;
			buildConfigurationList = B25BC49C253E9B6E005A30CC /* Build configuration list for PBXNativeTarget "EveryDay" */;
			buildPhases = (
				3F11D2512CC832F8B1393CED /* [CP] Check Pods Manifest.lock */,
				B25BC484253E9B6B005A30CC /* Sources */,
				B25BC485253E9B6B005A30CC /* Frameworks */,
				B25BC486253E9B6B005A30CC /* Resources */,
				252889F96AE4CA1BF05AFAC8 /* [CP] Embed Pods Frameworks */,
			);
			buildRules = (
			);
			dependencies = (
			);
			name = EveryDay;
			productName = EveryDay;
			productReference = B25BC488253E9B6B005A30CC /* EveryDay.app */;
			productType = "com.apple.product-type.application";
		};
/* End PBXNativeTarget section */

/* Begin PBXProject section */
		B25BC480253E9B6B005A30CC /* Project object */ = {
			isa = PBXProject;
			attributes = {
				LastSwiftUpdateCheck = 1200;
				LastUpgradeCheck = 1240;
				TargetAttributes = {
					B25BC487253E9B6B005A30CC = {
						CreatedOnToolsVersion = 12.0.1;
					};
				};
			};
			buildConfigurationList = B25BC483253E9B6B005A30CC /* Build configuration list for PBXProject "EveryDay" */;
			compatibilityVersion = "Xcode 9.3";
			developmentRegion = en;
			hasScannedForEncodings = 0;
			knownRegions = (
				en,
				Base,
			);
			mainGroup = B25BC47F253E9B6B005A30CC;
			productRefGroup = B25BC489253E9B6B005A30CC /* Products */;
			projectDirPath = "";
			projectRoot = "";
			targets = (
				B25BC487253E9B6B005A30CC /* EveryDay */,
			);
		};
/* End PBXProject section */

/* Begin PBXResourcesBuildPhase section */
		B25BC486253E9B6B005A30CC /* Resources */ = {
			isa = PBXResourcesBuildPhase;
			buildActionMask = 2147483647;
			files = (
				B25BC498253E9B6E005A30CC /* LaunchScreen.storyboard in Resources */,
				B25BC495253E9B6E005A30CC /* Assets.xcassets in Resources */,
				B25BC493253E9B6B005A30CC /* Main.storyboard in Resources */,
			);
			runOnlyForDeploymentPostprocessing = 0;
		};
/* End PBXResourcesBuildPhase section */

/* Begin PBXShellScriptBuildPhase section */
		252889F96AE4CA1BF05AFAC8 /* [CP] Embed Pods Frameworks */ = {
			isa = PBXShellScriptBuildPhase;
			buildActionMask = 2147483647;
			files = (
			);
			inputFileListPaths = (
				"${PODS_ROOT}/Target Support Files/Pods-EveryDay/Pods-EveryDay-frameworks-${CONFIGURATION}-input-files.xcfilelist",
			);
			name = "[CP] Embed Pods Frameworks";
			outputFileListPaths = (
				"${PODS_ROOT}/Target Support Files/Pods-EveryDay/Pods-EveryDay-frameworks-${CONFIGURATION}-output-files.xcfilelist",
			);
			runOnlyForDeploymentPostprocessing = 0;
			shellPath = /bin/sh;
			shellScript = "\"${PODS_ROOT}/Target Support Files/Pods-EveryDay/Pods-EveryDay-frameworks.sh\"\n";
			showEnvVarsInLog = 0;
		};
		3F11D2512CC832F8B1393CED /* [CP] Check Pods Manifest.lock */ = {
			isa = PBXShellScriptBuildPhase;
			buildActionMask = 2147483647;
			files = (
			);
			inputFileListPaths = (
			);
			inputPaths = (
				"${PODS_PODFILE_DIR_PATH}/Podfile.lock",
				"${PODS_ROOT}/Manifest.lock",
			);
			name = "[CP] Check Pods Manifest.lock";
			outputFileListPaths = (
			);
			outputPaths = (
				"$(DERIVED_FILE_DIR)/Pods-EveryDay-checkManifestLockResult.txt",
			);
			runOnlyForDeploymentPostprocessing = 0;
			shellPath = /bin/sh;
			shellScript = "diff \"${PODS_PODFILE_DIR_PATH}/Podfile.lock\" \"${PODS_ROOT}/Manifest.lock\" > /dev/null\nif [ $? != 0 ] ; then\n    # print error to STDERR\n    echo \"error: The sandbox is not in sync with the Podfile.lock. Run 'pod install' or update your CocoaPods installation.\" >&2\n    exit 1\nfi\n# This output is used by Xcode 'outputs' to avoid re-running this script phase.\necho \"SUCCESS\" > \"${SCRIPT_OUTPUT_FILE_0}\"\n";
			showEnvVarsInLog = 0;
		};
/* End PBXShellScriptBuildPhase section */

/* Begin PBXSourcesBuildPhase section */
		B25BC484253E9B6B005A30CC /* Sources */ = {
			isa = PBXSourcesBuildPhase;
			buildActionMask = 2147483647;
			files = (
				B29643BB26441512008B5299 /* PLCache.swift in Sources */,
				B2B3AF12254675B5001633EE /* NSBundle+Language.swift in Sources */,
				B291EC7B2670BE4A00D36102 /* PLCacheConstant.swift in Sources */,
				B222CD16269D32C000133772 /* NSObject+NSObject_Extension.m in Sources */,
				B2B3AF23254675B5001633EE /* CBPeripheralExtensions.swift in Sources */,
				B29643BC26441512008B5299 /* PLDBCache.swift in Sources */,
				B2B3AF15254675B5001633EE /* UIViewControllerExtensions.swift in Sources */,
				B2B6DAA7267242930010245F /* Timer+Extension.swift in Sources */,
				B2B3AF22254675B5001633EE /* BLEManager.swift in Sources */,
				B2B6DAA02672329C0010245F /* Dictionary+Extensions.swift in Sources */,
				B2B3AF25254675B5001633EE /* UIViewExtensions+Print.swift in Sources */,
				B222CCC5269C49FC00133772 /* ARCLearnViewController.m in Sources */,
				B25BC490253E9B6B005A30CC /* ViewController.swift in Sources */,
				B2B6DA7A267218720010245F /* PLCacheLock.swift in Sources */,
				B2B6DA9A267231500010245F /* String+Extensions.swift in Sources */,
				B2B3AF1B254675B5001633EE /* ScreenExtensions.swift in Sources */,
				B2B3AF26254675B5001633EE /* UIImage+Help.m in Sources */,
				B2B3AF18254675B5001633EE /* CalculationExtensions.swift in Sources */,
				B2B3AF17254675B5001633EE /* CellReuseIdentifierExtension.swift in Sources */,
				B25BC48C253E9B6B005A30CC /* AppDelegate.swift in Sources */,
				B2B3AF24254675B5001633EE /* BLEDefines.swift in Sources */,
				B2B6DAA4267234F10010245F /* WeakProxy.swift in Sources */,
				B2B3AF28254675B5001633EE /* PrintBoxCodeModel.swift in Sources */,
				B2B6DA97267230BB0010245F /* Data+Hash.swift in Sources */,
				B2B3AF16254675B5001633EE /* String+Pinyin.swift in Sources */,
				B2B3AF0F254675B5001633EE /* ArrayExtension.swift in Sources */,
				B291EC702670B32900D36102 /* String+Directory.swift in Sources */,
				B2B3AF27254675B5001633EE /* UIImageExtexsions+Print.swift in Sources */,
				B2B3AF20254675B5001633EE /* BLEManagerDelegate.swift in Sources */,
				B2B3AF21254675B5001633EE /* BLEAlert.swift in Sources */,
				B2B3AF29254675B5001633EE /* PrintManager.swift in Sources */,
				B29643B926441512008B5299 /* PLMemoryCache.swift in Sources */,
				B2B6DA9D267232700010245F /* CharacterSet+Extensions.swift in Sources */,
				B2B3AF10254675B5001633EE /* ControlExtension.swift in Sources */,
				B2B3AF11254675B5001633EE /* UIApplication+OpenUrl.swift in Sources */,
				B29643BA26441512008B5299 /* PLDiskCache.swift in Sources */,
			);
			runOnlyForDeploymentPostprocessing = 0;
		};
/* End PBXSourcesBuildPhase section */

/* Begin PBXVariantGroup section */
		B25BC491253E9B6B005A30CC /* Main.storyboard */ = {
			isa = PBXVariantGroup;
			children = (
				B25BC492253E9B6B005A30CC /* Base */,
			);
			name = Main.storyboard;
			sourceTree = "<group>";
		};
		B25BC496253E9B6E005A30CC /* LaunchScreen.storyboard */ = {
			isa = PBXVariantGroup;
			children = (
				B25BC497253E9B6E005A30CC /* Base */,
			);
			name = LaunchScreen.storyboard;
			sourceTree = "<group>";
		};
/* End PBXVariantGroup section */

/* Begin XCBuildConfiguration section */
		B25BC49A253E9B6E005A30CC /* Debug */ = {
			isa = XCBuildConfiguration;
			buildSettings = {
				ALWAYS_SEARCH_USER_PATHS = NO;
				CLANG_ANALYZER_NONNULL = YES;
				CLANG_ANALYZER_NUMBER_OBJECT_CONVERSION = YES_AGGRESSIVE;
				CLANG_CXX_LANGUAGE_STANDARD = "gnu++14";
				CLANG_CXX_LIBRARY = "libc++";
				CLANG_ENABLE_MODULES = YES;
				CLANG_ENABLE_OBJC_ARC = YES;
				CLANG_ENABLE_OBJC_WEAK = YES;
				CLANG_WARN_BLOCK_CAPTURE_AUTORELEASING = YES;
				CLANG_WARN_BOOL_CONVERSION = YES;
				CLANG_WARN_COMMA = YES;
				CLANG_WARN_CONSTANT_CONVERSION = YES;
				CLANG_WARN_DEPRECATED_OBJC_IMPLEMENTATIONS = YES;
				CLANG_WARN_DIRECT_OBJC_ISA_USAGE = YES_ERROR;
				CLANG_WARN_DOCUMENTATION_COMMENTS = YES;
				CLANG_WARN_EMPTY_BODY = YES;
				CLANG_WARN_ENUM_CONVERSION = YES;
				CLANG_WARN_INFINITE_RECURSION = YES;
				CLANG_WARN_INT_CONVERSION = YES;
				CLANG_WARN_NON_LITERAL_NULL_CONVERSION = YES;
				CLANG_WARN_OBJC_IMPLICIT_RETAIN_SELF = YES;
				CLANG_WARN_OBJC_LITERAL_CONVERSION = YES;
				CLANG_WARN_OBJC_ROOT_CLASS = YES_ERROR;
				CLANG_WARN_QUOTED_INCLUDE_IN_FRAMEWORK_HEADER = YES;
				CLANG_WARN_RANGE_LOOP_ANALYSIS = YES;
				CLANG_WARN_STRICT_PROTOTYPES = YES;
				CLANG_WARN_SUSPICIOUS_MOVE = YES;
				CLANG_WARN_UNGUARDED_AVAILABILITY = YES_AGGRESSIVE;
				CLANG_WARN_UNREACHABLE_CODE = YES;
				CLANG_WARN__DUPLICATE_METHOD_MATCH = YES;
				COPY_PHASE_STRIP = NO;
				DEBUG_INFORMATION_FORMAT = dwarf;
				ENABLE_STRICT_OBJC_MSGSEND = YES;
				ENABLE_TESTABILITY = YES;
				GCC_C_LANGUAGE_STANDARD = gnu11;
				GCC_DYNAMIC_NO_PIC = NO;
				GCC_NO_COMMON_BLOCKS = YES;
				GCC_OPTIMIZATION_LEVEL = 0;
				GCC_PREPROCESSOR_DEFINITIONS = (
					"DEBUG=1",
					"$(inherited)",
				);
				GCC_WARN_64_TO_32_BIT_CONVERSION = YES;
				GCC_WARN_ABOUT_RETURN_TYPE = YES_ERROR;
				GCC_WARN_UNDECLARED_SELECTOR = YES;
				GCC_WARN_UNINITIALIZED_AUTOS = YES_AGGRESSIVE;
				GCC_WARN_UNUSED_FUNCTION = YES;
				GCC_WARN_UNUSED_VARIABLE = YES;
				IPHONEOS_DEPLOYMENT_TARGET = 14.0;
				MTL_ENABLE_DEBUG_INFO = INCLUDE_SOURCE;
				MTL_FAST_MATH = YES;
				ONLY_ACTIVE_ARCH = YES;
				SDKROOT = iphoneos;
				SWIFT_ACTIVE_COMPILATION_CONDITIONS = DEBUG;
				SWIFT_OBJC_BRIDGING_HEADER = "BridgingHeader/Bridging-Header.h";
				SWIFT_OPTIMIZATION_LEVEL = "-Onone";
			};
			name = Debug;
		};
		B25BC49B253E9B6E005A30CC /* Release */ = {
			isa = XCBuildConfiguration;
			buildSettings = {
				ALWAYS_SEARCH_USER_PATHS = NO;
				CLANG_ANALYZER_NONNULL = YES;
				CLANG_ANALYZER_NUMBER_OBJECT_CONVERSION = YES_AGGRESSIVE;
				CLANG_CXX_LANGUAGE_STANDARD = "gnu++14";
				CLANG_CXX_LIBRARY = "libc++";
				CLANG_ENABLE_MODULES = YES;
				CLANG_ENABLE_OBJC_ARC = YES;
				CLANG_ENABLE_OBJC_WEAK = YES;
				CLANG_WARN_BLOCK_CAPTURE_AUTORELEASING = YES;
				CLANG_WARN_BOOL_CONVERSION = YES;
				CLANG_WARN_COMMA = YES;
				CLANG_WARN_CONSTANT_CONVERSION = YES;
				CLANG_WARN_DEPRECATED_OBJC_IMPLEMENTATIONS = YES;
				CLANG_WARN_DIRECT_OBJC_ISA_USAGE = YES_ERROR;
				CLANG_WARN_DOCUMENTATION_COMMENTS = YES;
				CLANG_WARN_EMPTY_BODY = YES;
				CLANG_WARN_ENUM_CONVERSION = YES;
				CLANG_WARN_INFINITE_RECURSION = YES;
				CLANG_WARN_INT_CONVERSION = YES;
				CLANG_WARN_NON_LITERAL_NULL_CONVERSION = YES;
				CLANG_WARN_OBJC_IMPLICIT_RETAIN_SELF = YES;
				CLANG_WARN_OBJC_LITERAL_CONVERSION = YES;
				CLANG_WARN_OBJC_ROOT_CLASS = YES_ERROR;
				CLANG_WARN_QUOTED_INCLUDE_IN_FRAMEWORK_HEADER = YES;
				CLANG_WARN_RANGE_LOOP_ANALYSIS = YES;
				CLANG_WARN_STRICT_PROTOTYPES = YES;
				CLANG_WARN_SUSPICIOUS_MOVE = YES;
				CLANG_WARN_UNGUARDED_AVAILABILITY = YES_AGGRESSIVE;
				CLANG_WARN_UNREACHABLE_CODE = YES;
				CLANG_WARN__DUPLICATE_METHOD_MATCH = YES;
				COPY_PHASE_STRIP = NO;
				DEBUG_INFORMATION_FORMAT = "dwarf-with-dsym";
				ENABLE_NS_ASSERTIONS = NO;
				ENABLE_STRICT_OBJC_MSGSEND = YES;
				GCC_C_LANGUAGE_STANDARD = gnu11;
				GCC_NO_COMMON_BLOCKS = YES;
				GCC_WARN_64_TO_32_BIT_CONVERSION = YES;
				GCC_WARN_ABOUT_RETURN_TYPE = YES_ERROR;
				GCC_WARN_UNDECLARED_SELECTOR = YES;
				GCC_WARN_UNINITIALIZED_AUTOS = YES_AGGRESSIVE;
				GCC_WARN_UNUSED_FUNCTION = YES;
				GCC_WARN_UNUSED_VARIABLE = YES;
				IPHONEOS_DEPLOYMENT_TARGET = 14.0;
				MTL_ENABLE_DEBUG_INFO = NO;
				MTL_FAST_MATH = YES;
				SDKROOT = iphoneos;
				SWIFT_COMPILATION_MODE = wholemodule;
				SWIFT_OBJC_BRIDGING_HEADER = "BridgingHeader/Bridging-Header.h";
				SWIFT_OPTIMIZATION_LEVEL = "-O";
				VALIDATE_PRODUCT = YES;
			};
			name = Release;
		};
		B25BC49D253E9B6E005A30CC /* Debug */ = {
			isa = XCBuildConfiguration;
			baseConfigurationReference = 910EDEC72D355C38989B2E92 /* Pods-EveryDay.debug.xcconfig */;
			buildSettings = {
				ASSETCATALOG_COMPILER_APPICON_NAME = AppIcon;
				ASSETCATALOG_COMPILER_GLOBAL_ACCENT_COLOR_NAME = AccentColor;
				CODE_SIGN_STYLE = Automatic;
				DEVELOPMENT_TEAM = 3NT5F6C8MM;
				INFOPLIST_FILE = EveryDay/Resources/Info.plist;
				IPHONEOS_DEPLOYMENT_TARGET = 12.0;
				LD_RUNPATH_SEARCH_PATHS = (
					"$(inherited)",
					"@executable_path/Frameworks",
				);
				PRODUCT_BUNDLE_IDENTIFIER = PL.EveryDay;
				PRODUCT_NAME = "$(TARGET_NAME)";
				SWIFT_VERSION = 5.0;
				TARGETED_DEVICE_FAMILY = 1;
			};
			name = Debug;
		};
		B25BC49E253E9B6E005A30CC /* Release */ = {
			isa = XCBuildConfiguration;
			baseConfigurationReference = 5848DB583275FAC9759E7A78 /* Pods-EveryDay.release.xcconfig */;
			buildSettings = {
				ASSETCATALOG_COMPILER_APPICON_NAME = AppIcon;
				ASSETCATALOG_COMPILER_GLOBAL_ACCENT_COLOR_NAME = AccentColor;
				CODE_SIGN_STYLE = Automatic;
				DEVELOPMENT_TEAM = 3NT5F6C8MM;
				INFOPLIST_FILE = EveryDay/Resources/Info.plist;
				IPHONEOS_DEPLOYMENT_TARGET = 12.0;
				LD_RUNPATH_SEARCH_PATHS = (
					"$(inherited)",
					"@executable_path/Frameworks",
				);
				PRODUCT_BUNDLE_IDENTIFIER = PL.EveryDay;
				PRODUCT_NAME = "$(TARGET_NAME)";
				SWIFT_VERSION = 5.0;
				TARGETED_DEVICE_FAMILY = 1;
			};
			name = Release;
		};
/* End XCBuildConfiguration section */

/* Begin XCConfigurationList section */
		B25BC483253E9B6B005A30CC /* Build configuration list for PBXProject "EveryDay" */ = {
			isa = XCConfigurationList;
			buildConfigurations = (
				B25BC49A253E9B6E005A30CC /* Debug */,
				B25BC49B253E9B6E005A30CC /* Release */,
			);
			defaultConfigurationIsVisible = 0;
			defaultConfigurationName = Release;
		};
		B25BC49C253E9B6E005A30CC /* Build configuration list for PBXNativeTarget "EveryDay" */ = {
			isa = XCConfigurationList;
			buildConfigurations = (
				B25BC49D253E9B6E005A30CC /* Debug */,
				B25BC49E253E9B6E005A30CC /* Release */,
			);
			defaultConfigurationIsVisible = 0;
			defaultConfigurationName = Release;
		};
/* End XCConfigurationList section */
	};
	rootObject = B25BC480253E9B6B005A30CC /* Project object */;
}
